
Microsoft Visual Studio Solution File, Format Version 12.00
# Visual Studio 15
VisualStudioVersion = 15.0.27703.2018
MinimumVisualStudioVersion = 10.0.40219.1
Project("{FAE04EC0-301F-11D3-BF4B-00C04F79EFBC}") = "AdminsVersion", "AdminsVersion\AdminsVersion.csproj", "{D93684D2-98B1-4180-B474-D004FD1D7976}"
EndProject
Global
	GlobalSection(SolutionConfigurationPlatforms) = preSolution
		Debug|Any CPU = Debug|Any CPU
		Debug|x86 = Debug|x86
		Release|Any CPU = Release|Any CPU
		Release|x86 = Release|x86
	EndGlobalSection
	GlobalSection(ProjectConfigurationPlatforms) = postSolution
		{D93684D2-98B1-4180-B474-D004FD1D7976}.Debug|Any CPU.ActiveCfg = Debug|x86
		{D93684D2-98B1-4180-B474-D004FD1D7976}.Debug|Any CPU.Build.0 = Debug|x86
		{D93684D2-98B1-4180-B474-D004FD1D7976}.Debug|x86.ActiveCfg = Debug|x86
		{D93684D2-98B1-4180-B474-D004FD1D7976}.Debug|x86.Build.0 = Debug|x86
		{D93684D2-98B1-4180-B474-D004FD1D7976}.Release|Any CPU.ActiveCfg = Release|Any CPU
		{D93684D2-98B1-4180-B474-D004FD1D7976}.Release|Any CPU.Build.0 = Release|Any CPU
		{D93684D2-98B1-4180-B474-D004FD1D7976}.Release|x86.ActiveCfg = Release|x86
		{D93684D2-98B1-4180-B474-D004FD1D7976}.Release|x86.Build.0 = Release|x86
	EndGlobalSection
	GlobalSection(SolutionProperties) = preSolution
		HideSolutionNode = FALSE
	EndGlobalSection
	GlobalSection(ExtensibilityGlobals) = postSolution
		SolutionGuid = {98489C4A-2DE1-4333-8556-439191D39573}
	EndGlobalSection
EndGlobal
